
Microsoft Visual Studio Solution File, Format Version 12.00
# Visual Studio Version 16
VisualStudioVersion = 16.0.30804.86
MinimumVisualStudioVersion = 10.0.40219.1
Project("{9A19103F-16F7-4668-BE54-9A1E7A4F7556}") = "Sample.Game.HttpApi", "Sample.Game.HttpApi\Sample.Game.HttpApi.csproj", "{87CBABE9-1439-4D01-91BD-22A342083446}"
EndProject
Project("{9A19103F-16F7-4668-BE54-9A1E7A4F7556}") = "Sample.Game.Contracts", "Sample.Game.Contracts\Sample.Game.Contracts.csproj", "{D43AC700-6197-4474-82B2-5DA98F1D7EAA}"
EndProject
Project("{9A19103F-16F7-4668-BE54-9A1E7A4F7556}") = "Sample.Game.Entities", "Sample.Game.Entities\Sample.Game.Entities.csproj", "{23F71047-47F2-4CEB-96A1-48DB0B2F61B9}"
EndProject
Project("{9A19103F-16F7-4668-BE54-9A1E7A4F7556}") = "Sample.Game.Repository", "Sample.Game.Repository\Sample.Game.Repository.csproj", "{3777EC43-325D-4179-ADF6-B9ADAA95CDEF}"
EndProject
Project("{9A19103F-16F7-4668-BE54-9A1E7A4F7556}") = "Sample.Game.Blazor", "Sample.Game.Blazor\Sample.Game.Blazor.csproj", "{AA4F01C1-3D89-48AE-9AB6-2BDAA709EA97}"
EndProject
Global
	GlobalSection(SolutionConfigurationPlatforms) = preSolution
		Debug|Any CPU = Debug|Any CPU
		Release|Any CPU = Release|Any CPU
	EndGlobalSection
	GlobalSection(ProjectConfigurationPlatforms) = postSolution
		{87CBABE9-1439-4D01-91BD-22A342083446}.Debug|Any CPU.ActiveCfg = Debug|Any CPU
		{87CBABE9-1439-4D01-91BD-22A342083446}.Debug|Any CPU.Build.0 = Debug|Any CPU
		{87CBABE9-1439-4D01-91BD-22A342083446}.Release|Any CPU.ActiveCfg = Release|Any CPU
		{87CBABE9-1439-4D01-91BD-22A342083446}.Release|Any CPU.Build.0 = Release|Any CPU
		{D43AC700-6197-4474-82B2-5DA98F1D7EAA}.Debug|Any CPU.ActiveCfg = Debug|Any CPU
		{D43AC700-6197-4474-82B2-5DA98F1D7EAA}.Debug|Any CPU.Build.0 = Debug|Any CPU
		{D43AC700-6197-4474-82B2-5DA98F1D7EAA}.Release|Any CPU.ActiveCfg = Release|Any CPU
		{D43AC700-6197-4474-82B2-5DA98F1D7EAA}.Release|Any CPU.Build.0 = Release|Any CPU
		{23F71047-47F2-4CEB-96A1-48DB0B2F61B9}.Debug|Any CPU.ActiveCfg = Debug|Any CPU
		{23F71047-47F2-4CEB-96A1-48DB0B2F61B9}.Debug|Any CPU.Build.0 = Debug|Any CPU
		{23F71047-47F2-4CEB-96A1-48DB0B2F61B9}.Release|Any CPU.ActiveCfg = Release|Any CPU
		{23F71047-47F2-4CEB-96A1-48DB0B2F61B9}.Release|Any CPU.Build.0 = Release|Any CPU
		{3777EC43-325D-4179-ADF6-B9ADAA95CDEF}.Debug|Any CPU.ActiveCfg = Debug|Any CPU
		{3777EC43-325D-4179-ADF6-B9ADAA95CDEF}.Debug|Any CPU.Build.0 = Debug|Any CPU
		{3777EC43-325D-4179-ADF6-B9ADAA95CDEF}.Release|Any CPU.ActiveCfg = Release|Any CPU
		{3777EC43-325D-4179-ADF6-B9ADAA95CDEF}.Release|Any CPU.Build.0 = Release|Any CPU
		{AA4F01C1-3D89-48AE-9AB6-2BDAA709EA97}.Debug|Any CPU.ActiveCfg = Debug|Any CPU
		{AA4F01C1-3D89-48AE-9AB6-2BDAA709EA97}.Debug|Any CPU.Build.0 = Debug|Any CPU
		{AA4F01C1-3D89-48AE-9AB6-2BDAA709EA97}.Release|Any CPU.ActiveCfg = Release|Any CPU
		{AA4F01C1-3D89-48AE-9AB6-2BDAA709EA97}.Release|Any CPU.Build.0 = Release|Any CPU
	EndGlobalSection
	GlobalSection(SolutionProperties) = preSolution
		HideSolutionNode = FALSE
	EndGlobalSection
	GlobalSection(ExtensibilityGlobals) = postSolution
		SolutionGuid = {59F1E54E-EC27-49CF-99CF-D4CA82E099C0}
	EndGlobalSection
EndGlobal
